
Microsoft Visual Studio Solution File, Format Version 12.00
# Visual Studio Version 17
VisualStudioVersion = 17.8.34322.80
MinimumVisualStudioVersion = 10.0.40219.1
Project("{FAE04EC0-301F-11D3-BF4B-00C04F79EFBC}") = "WebAPI", "WebAPI\WebAPI.csproj", "{320A92A3-FBA3-426F-8F3C-B26F926E775D}"
EndProject
Project("{FAE04EC0-301F-11D3-BF4B-00C04F79EFBC}") = "Business", "Business\Business.csproj", "{CC3FEB35-24AB-4F37-8C1F-88EB230271AB}"
EndProject
Project("{FAE04EC0-301F-11D3-BF4B-00C04F79EFBC}") = "DataAccess", "DataAccess\DataAccess.csproj", "{9195EA48-89D5-461A-8F6B-12A9F391CDC6}"
EndProject
Project("{FAE04EC0-301F-11D3-BF4B-00C04F79EFBC}") = "Entities", "Entities\Entities.csproj", "{A99C63A0-8F16-4FC6-8958-0453C8CA566D}"
EndProject
Project("{FAE04EC0-301F-11D3-BF4B-00C04F79EFBC}") = "Core", "Core\Core.csproj", "{708E7F6C-B937-4F50-8F94-3DF54307E1B4}"
EndProject
Global
	GlobalSection(SolutionConfigurationPlatforms) = preSolution
		Debug|Any CPU = Debug|Any CPU
		Release|Any CPU = Release|Any CPU
	EndGlobalSection
	GlobalSection(ProjectConfigurationPlatforms) = postSolution
		{320A92A3-FBA3-426F-8F3C-B26F926E775D}.Debug|Any CPU.ActiveCfg = Debug|Any CPU
		{320A92A3-FBA3-426F-8F3C-B26F926E775D}.Debug|Any CPU.Build.0 = Debug|Any CPU
		{320A92A3-FBA3-426F-8F3C-B26F926E775D}.Release|Any CPU.ActiveCfg = Release|Any CPU
		{320A92A3-FBA3-426F-8F3C-B26F926E775D}.Release|Any CPU.Build.0 = Release|Any CPU
		{CC3FEB35-24AB-4F37-8C1F-88EB230271AB}.Debug|Any CPU.ActiveCfg = Debug|Any CPU
		{CC3FEB35-24AB-4F37-8C1F-88EB230271AB}.Debug|Any CPU.Build.0 = Debug|Any CPU
		{CC3FEB35-24AB-4F37-8C1F-88EB230271AB}.Release|Any CPU.ActiveCfg = Release|Any CPU
		{CC3FEB35-24AB-4F37-8C1F-88EB230271AB}.Release|Any CPU.Build.0 = Release|Any CPU
		{9195EA48-89D5-461A-8F6B-12A9F391CDC6}.Debug|Any CPU.ActiveCfg = Debug|Any CPU
		{9195EA48-89D5-461A-8F6B-12A9F391CDC6}.Debug|Any CPU.Build.0 = Debug|Any CPU
		{9195EA48-89D5-461A-8F6B-12A9F391CDC6}.Release|Any CPU.ActiveCfg = Release|Any CPU
		{9195EA48-89D5-461A-8F6B-12A9F391CDC6}.Release|Any CPU.Build.0 = Release|Any CPU
		{A99C63A0-8F16-4FC6-8958-0453C8CA566D}.Debug|Any CPU.ActiveCfg = Debug|Any CPU
		{A99C63A0-8F16-4FC6-8958-0453C8CA566D}.Debug|Any CPU.Build.0 = Debug|Any CPU
		{A99C63A0-8F16-4FC6-8958-0453C8CA566D}.Release|Any CPU.ActiveCfg = Release|Any CPU
		{A99C63A0-8F16-4FC6-8958-0453C8CA566D}.Release|Any CPU.Build.0 = Release|Any CPU
		{708E7F6C-B937-4F50-8F94-3DF54307E1B4}.Debug|Any CPU.ActiveCfg = Debug|Any CPU
		{708E7F6C-B937-4F50-8F94-3DF54307E1B4}.Debug|Any CPU.Build.0 = Debug|Any CPU
		{708E7F6C-B937-4F50-8F94-3DF54307E1B4}.Release|Any CPU.ActiveCfg = Release|Any CPU
		{708E7F6C-B937-4F50-8F94-3DF54307E1B4}.Release|Any CPU.Build.0 = Release|Any CPU
	EndGlobalSection
	GlobalSection(SolutionProperties) = preSolution
		HideSolutionNode = FALSE
	EndGlobalSection
	GlobalSection(ExtensibilityGlobals) = postSolution
		SolutionGuid = {AA745246-8B26-4187-B227-A614E6B53B48}
	EndGlobalSection
EndGlobal
